
Microsoft Visual Studio Solution File, Format Version 10.00
# Visual Studio 2008
Project("{E24C65DC-7377-472B-9ABA-BC803B73C61A}") = "TotalGiroClient", "TotalGiroClient", "{DE765D41-B5D3-45B6-A61A-CBD08758FE02}"
	ProjectSection(WebsiteProperties) = preProject
		SccProjectName = "SAK"
		SccAuxPath = "SAK"
		SccLocalPath = "SAK"
		SccProvider = "SAK"
		TargetFramework = "3.5"
		ProjectReferences = "{E34CB1A4-A5E2-4F76-8DEF-A08C1015C05E}|B4F.TotalGiro.Interfaces.dll;{920CD10C-E485-47AF-A47D-23DC299F762B}|B4F.TotalGiro.Security.dll;{B8880639-F591-41D0-A811-D832A36A8064}|B4F.TotalGiro.Dal.dll;{ED2055BB-79F9-464C-B937-232D29FD4CB1}|B4F.TotalGiro.StaticData.dll;{05EA6D28-853D-455E-A323-0AB5F3FC3507}|B4F.TotalGiro.Stichting.dll;{A2544005-0FC7-489C-80AD-A65BE1786EB5}|B4F.TotalGiro.ExternalInterfaces.dll;{B6D55091-F990-42AB-A294-72E6560ED5DD}|B4F.TotalGiro.Instruments.dll;{2114094E-08F6-4074-8AA0-E19D4FFC7924}|B4F.TotalGiro.Fees.dll;{A8682060-DBB0-4965-A8EF-5F8908D34789}|B4F.TotalGiro.Orders.dll;{70C20F7D-646F-4023-BD90-9812FF522284}|B4F.TotalGiro.Accounts.dll;{ACCBB2CE-D954-498A-83E1-3C984D59EFD4}|B4F.TotalGiro.Communicator.dll;{38DBACFE-BACC-49C3-870F-CFAA9C6721AD}|B4F.TotalGiro.Valuations.dll;{6C8D0947-6F93-4868-9824-30D534A855AF}|B4F.TotalGiro.OrderRouteMapper.dll;{4A1B9DC0-5014-4492-81DF-EE43B7E70F28}|B4F.TotalGiro.BackOffice.dll;{029555AF-2A64-4885-8823-681E51C451AB}|B4F.TotalGiro.PortfolioComparer.dll;{F8A037ED-0E64-495B-8636-4397EB843EE7}|B4F.TotalGiro.Reports.dll;{5EBA3D32-40DB-4496-BDD2-B1EA4DA07D45}|B4F.TotalGiro.CRM.dll;{69BAF4B6-0C61-4A6B-A554-047136929691}|B4F.DataMigration.dll;{2809F04C-FC76-4769-AEF5-F6E1B8FEA2B9}|B4F.TotalGiro.ClientApplicationLayer.dll;{D7F96095-5CD2-4719-A7B9-9E517A38E3DE}|B4F.TotalGiro.Jobs.Manager.dll;{63315378-DD6C-4E99-ACE0-737B392756C6}|B4F.Web.WebControls.dll;{485EB326-583E-4A45-8ECA-B95B50411DD0}|B4F.TotalGiro.ApplicationLayer.dll;{4DDBFD34-5BC8-436D-A5C8-42538BBD8B7D}|B4F.TotalGiro.DalInterfaces.dll;{944F656B-A825-461D-90F8-F48359E08527}|B4F.TotalGiro.GeneralLedger.dll;{B680B731-224C-4AB2-ADC0-59B0576279E8}|B4F.TotalGiro.Notas.dll;{18CBA677-A0D8-4A3F-A973-ADA9FE30F2D4}|B4F.TotalGiro.MIS.dll;"
		Debug.AspNetCompiler.VirtualPath = "/TotalGiroClient"
		Debug.AspNetCompiler.PhysicalPath = "TotalGiroClient\"
		Debug.AspNetCompiler.TargetPath = "PrecompiledWeb\TotalGiroClient\"
		Debug.AspNetCompiler.Updateable = "true"
		Debug.AspNetCompiler.ForceOverwrite = "true"
		Debug.AspNetCompiler.FixedNames = "false"
		Debug.AspNetCompiler.Debug = "True"
		Release.AspNetCompiler.VirtualPath = "/TotalGiroClient"
		Release.AspNetCompiler.PhysicalPath = "TotalGiroClient\"
		Release.AspNetCompiler.TargetPath = "PrecompiledWeb\TotalGiroClient\"
		Release.AspNetCompiler.Updateable = "true"
		Release.AspNetCompiler.ForceOverwrite = "true"
		Release.AspNetCompiler.FixedNames = "false"
		Release.AspNetCompiler.Debug = "False"
		VWDPort = "4706"
		DefaultWebSiteLanguage = "Visual C#"
	EndProjectSection
EndProject
Project("{FAE04EC0-301F-11D3-BF4B-00C04F79EFBC}") = "Accounts", "..\..\TotalGiro\Account\Accounts.csproj", "{70C20F7D-646F-4023-BD90-9812FF522284}"
EndProject
Project("{FAE04EC0-301F-11D3-BF4B-00C04F79EFBC}") = "DAL", "..\..\TotalGiro\DAL\DAL.csproj", "{B8880639-F591-41D0-A811-D832A36A8064}"
EndProject
Project("{FAE04EC0-301F-11D3-BF4B-00C04F79EFBC}") = "Security", "..\..\TotalGiro\Security\Security.csproj", "{920CD10C-E485-47AF-A47D-23DC299F762B}"
EndProject
Project("{FAE04EC0-301F-11D3-BF4B-00C04F79EFBC}") = "Interfaces", "..\..\Interfaces\Interfaces.csproj", "{E34CB1A4-A5E2-4F76-8DEF-A08C1015C05E}"
EndProject
Project("{FAE04EC0-301F-11D3-BF4B-00C04F79EFBC}") = "Stichting", "..\..\TotalGiro\Stichting\Stichting.csproj", "{05EA6D28-853D-455E-A323-0AB5F3FC3507}"
EndProject
Project("{FAE04EC0-301F-11D3-BF4B-00C04F79EFBC}") = "StaticData", "..\..\TotalGiro\StaticData\StaticData.csproj", "{ED2055BB-79F9-464C-B937-232D29FD4CB1}"
EndProject
Project("{FAE04EC0-301F-11D3-BF4B-00C04F79EFBC}") = "Fees", "..\..\TotalGiro\Fees\Fees.csproj", "{2114094E-08F6-4074-8AA0-E19D4FFC7924}"
EndProject
Project("{FAE04EC0-301F-11D3-BF4B-00C04F79EFBC}") = "Instruments", "..\..\TotalGiro\Instrument\Instruments.csproj", "{B6D55091-F990-42AB-A294-72E6560ED5DD}"
EndProject
Project("{FAE04EC0-301F-11D3-BF4B-00C04F79EFBC}") = "ExternalInterfaces", "..\..\TotalGiro\ExternalInterfaces\ExternalInterfaces.csproj", "{A2544005-0FC7-489C-80AD-A65BE1786EB5}"
EndProject
Project("{FAE04EC0-301F-11D3-BF4B-00C04F79EFBC}") = "ClientApplicationLayer", "..\..\TotalGiro\ClientApplicationLayer\ClientApplicationLayer.csproj", "{2809F04C-FC76-4769-AEF5-F6E1B8FEA2B9}"
EndProject
Project("{FAE04EC0-301F-11D3-BF4B-00C04F79EFBC}") = "Orders", "..\..\TotalGiro\Orders\Orders.csproj", "{A8682060-DBB0-4965-A8EF-5F8908D34789}"
EndProject
Project("{FAE04EC0-301F-11D3-BF4B-00C04F79EFBC}") = "Communicator", "..\..\TotalGiro\Communicator\Communicator.csproj", "{ACCBB2CE-D954-498A-83E1-3C984D59EFD4}"
EndProject
Project("{FAE04EC0-301F-11D3-BF4B-00C04F79EFBC}") = "BackOffice", "..\..\TotalGiro\BackOffice\BackOffice.csproj", "{4A1B9DC0-5014-4492-81DF-EE43B7E70F28}"
EndProject
Project("{FAE04EC0-301F-11D3-BF4B-00C04F79EFBC}") = "CRM", "..\..\TotalGiro\CRM\CRM.csproj", "{5EBA3D32-40DB-4496-BDD2-B1EA4DA07D45}"
EndProject
Project("{FAE04EC0-301F-11D3-BF4B-00C04F79EFBC}") = "Valuations", "..\..\TotalGiro\Valuations\Valuations.csproj", "{38DBACFE-BACC-49C3-870F-CFAA9C6721AD}"
EndProject
Project("{FAE04EC0-301F-11D3-BF4B-00C04F79EFBC}") = "PortfolioComparer", "..\..\TotalGiro\PortfolioComparer\PortfolioComparer.csproj", "{029555AF-2A64-4885-8823-681E51C451AB}"
EndProject
Project("{FAE04EC0-301F-11D3-BF4B-00C04F79EFBC}") = "Reports", "..\..\TotalGiro\Reports\Reports.csproj", "{F8A037ED-0E64-495B-8636-4397EB843EE7}"
EndProject
Project("{FAE04EC0-301F-11D3-BF4B-00C04F79EFBC}") = "OrderRouteMapper", "..\..\TotalGiro\OrderRouteMapper\OrderRouteMapper.csproj", "{6C8D0947-6F93-4868-9824-30D534A855AF}"
EndProject
Project("{FAE04EC0-301F-11D3-BF4B-00C04F79EFBC}") = "DataMigration", "..\..\DataMigration\DataMigration.csproj", "{69BAF4B6-0C61-4A6B-A554-047136929691}"
EndProject
Project("{FAE04EC0-301F-11D3-BF4B-00C04F79EFBC}") = "JobManager", "..\..\Jobs\JobManager\JobManager.csproj", "{D7F96095-5CD2-4719-A7B9-9E517A38E3DE}"
EndProject
Project("{FAE04EC0-301F-11D3-BF4B-00C04F79EFBC}") = "WebControls", "..\WebControls\WebControls.csproj", "{63315378-DD6C-4E99-ACE0-737B392756C6}"
EndProject
Project("{FAE04EC0-301F-11D3-BF4B-00C04F79EFBC}") = "ApplicationLayer", "..\..\TotalGiro\ApplicationLayer\ApplicationLayer.csproj", "{485EB326-583E-4A45-8ECA-B95B50411DD0}"
EndProject
Project("{FAE04EC0-301F-11D3-BF4B-00C04F79EFBC}") = "DALInterfaces", "..\..\DALInterfaces\DALInterfaces.csproj", "{4DDBFD34-5BC8-436D-A5C8-42538BBD8B7D}"
EndProject
Project("{FAE04EC0-301F-11D3-BF4B-00C04F79EFBC}") = "GeneralLedger", "..\..\TotalGiro\GeneralLedger\GeneralLedger.csproj", "{944F656B-A825-461D-90F8-F48359E08527}"
EndProject
Project("{FAE04EC0-301F-11D3-BF4B-00C04F79EFBC}") = "Notas", "..\..\TotalGiro\Notas\Notas.csproj", "{B680B731-224C-4AB2-ADC0-59B0576279E8}"
EndProject
Project("{FAE04EC0-301F-11D3-BF4B-00C04F79EFBC}") = "MIS", "..\..\TotalGiro\MIS\MIS.csproj", "{18CBA677-A0D8-4A3F-A973-ADA9FE30F2D4}"
EndProject
Global
	GlobalSection(TeamFoundationVersionControl) = preSolution
		SccNumberOfProjects = 28
		SccEnterpriseProvider = {4CA58AB2-18FA-4F8D-95D4-32DDF27D184C}
		SccTeamFoundationServer = http://mocca:8080/
		SccLocalPath0 = .
		SccProjectUniqueName1 = ..\\..\\TotalGiro\\Account\\Accounts.csproj
		SccProjectName1 = ../../TotalGiro/Account
		SccLocalPath1 = ..\\..\\TotalGiro\\Account
		SccProjectUniqueName2 = ..\\..\\TotalGiro\\DAL\\DAL.csproj
		SccProjectName2 = ../../TotalGiro/DAL
		SccLocalPath2 = ..\\..\\TotalGiro\\DAL
		SccProjectUniqueName3 = ..\\..\\TotalGiro\\Security\\Security.csproj
		SccProjectName3 = ../../TotalGiro/Security
		SccLocalPath3 = ..\\..\\TotalGiro\\Security
		SccProjectUniqueName4 = ..\\..\\Interfaces\\Interfaces.csproj
		SccProjectName4 = ../../Interfaces
		SccLocalPath4 = ..\\..\\Interfaces
		SccProjectUniqueName5 = ..\\..\\TotalGiro\\Stichting\\Stichting.csproj
		SccProjectName5 = ../../TotalGiro/Stichting
		SccLocalPath5 = ..\\..\\TotalGiro\\Stichting
		SccProjectUniqueName6 = ..\\..\\TotalGiro\\StaticData\\StaticData.csproj
		SccProjectName6 = ../../TotalGiro/StaticData
		SccLocalPath6 = ..\\..\\TotalGiro\\StaticData
		SccProjectUniqueName7 = ..\\..\\TotalGiro\\Fees\\Fees.csproj
		SccProjectName7 = ../../TotalGiro/Fees
		SccLocalPath7 = ..\\..\\TotalGiro\\Fees
		SccProjectUniqueName8 = ..\\..\\TotalGiro\\Instrument\\Instruments.csproj
		SccProjectName8 = ../../TotalGiro/Instrument
		SccLocalPath8 = ..\\..\\TotalGiro\\Instrument
		SccProjectUniqueName9 = ..\\..\\TotalGiro\\ExternalInterfaces\\ExternalInterfaces.csproj
		SccProjectName9 = ../../TotalGiro/ExternalInterfaces
		SccLocalPath9 = ..\\..\\TotalGiro\\ExternalInterfaces
		SccWebProject10 = true
		SccProjectUniqueName10 = TotalGiroClient
		SccLocalPath10 = .
		SccProjectFilePathRelativizedFromConnection10 = TotalGiroClient\\
		SccProjectEnlistmentChoice10 = 2
		SccProjectUniqueName11 = ..\\..\\TotalGiro\\ClientApplicationLayer\\ClientApplicationLayer.csproj
		SccProjectName11 = ../../TotalGiro/ClientApplicationLayer
		SccLocalPath11 = ..\\..\\TotalGiro\\ClientApplicationLayer
		SccProjectUniqueName12 = ..\\..\\TotalGiro\\Orders\\Orders.csproj
		SccProjectName12 = ../../TotalGiro/Orders
		SccLocalPath12 = ..\\..\\TotalGiro\\Orders
		SccProjectUniqueName13 = ..\\..\\TotalGiro\\Communicator\\Communicator.csproj
		SccProjectName13 = ../../TotalGiro/Communicator
		SccLocalPath13 = ..\\..\\TotalGiro\\Communicator
		SccProjectUniqueName14 = ..\\..\\TotalGiro\\BackOffice\\BackOffice.csproj
		SccProjectName14 = ../../TotalGiro/BackOffice
		SccLocalPath14 = ..\\..\\TotalGiro\\BackOffice
		SccProjectUniqueName15 = ..\\..\\TotalGiro\\CRM\\CRM.csproj
		SccProjectName15 = ../../TotalGiro/CRM
		SccLocalPath15 = ..\\..\\TotalGiro\\CRM
		SccProjectUniqueName16 = ..\\..\\TotalGiro\\Valuations\\Valuations.csproj
		SccProjectName16 = ../../TotalGiro/Valuations
		SccLocalPath16 = ..\\..\\TotalGiro\\Valuations
		SccProjectUniqueName17 = ..\\..\\TotalGiro\\PortfolioComparer\\PortfolioComparer.csproj
		SccProjectName17 = ../../TotalGiro/PortfolioComparer
		SccLocalPath17 = ..\\..\\TotalGiro\\PortfolioComparer
		SccProjectUniqueName18 = ..\\..\\TotalGiro\\Reports\\Reports.csproj
		SccProjectName18 = ../../TotalGiro/Reports
		SccLocalPath18 = ..\\..\\TotalGiro\\Reports
		SccProjectUniqueName19 = ..\\..\\TotalGiro\\OrderRouteMapper\\OrderRouteMapper.csproj
		SccProjectName19 = ../../TotalGiro/OrderRouteMapper
		SccLocalPath19 = ..\\..\\TotalGiro\\OrderRouteMapper
		SccProjectUniqueName20 = ..\\..\\DataMigration\\DataMigration.csproj
		SccProjectName20 = ../../DataMigration
		SccLocalPath20 = ..\\..\\DataMigration
		SccProjectUniqueName21 = ..\\..\\Jobs\\JobManager\\JobManager.csproj
		SccProjectName21 = ../../Jobs/JobManager
		SccLocalPath21 = ..\\..\\Jobs\\JobManager
		SccProjectUniqueName22 = ..\\WebControls\\WebControls.csproj
		SccProjectName22 = ../WebControls
		SccLocalPath22 = ..\\WebControls
		SccProjectUniqueName23 = ..\\..\\TotalGiro\\ApplicationLayer\\ApplicationLayer.csproj
		SccProjectName23 = ../../TotalGiro/ApplicationLayer
		SccLocalPath23 = ..\\..\\TotalGiro\\ApplicationLayer
		SccProjectUniqueName24 = ..\\..\\DALInterfaces\\DALInterfaces.csproj
		SccProjectName24 = ../../DALInterfaces
		SccLocalPath24 = ..\\..\\DALInterfaces
		SccProjectUniqueName25 = ..\\..\\TotalGiro\\GeneralLedger\\GeneralLedger.csproj
		SccProjectName25 = ../../TotalGiro/GeneralLedger
		SccLocalPath25 = ..\\..\\TotalGiro\\GeneralLedger
		SccProjectUniqueName26 = ..\\..\\TotalGiro\\Notas\\Notas.csproj
		SccProjectName26 = ../../TotalGiro/Notas
		SccLocalPath26 = ..\\..\\TotalGiro\\Notas
		SccProjectUniqueName27 = ..\\..\\TotalGiro\\MIS\\MIS.csproj
		SccProjectName27 = ../../TotalGiro/MIS
		SccLocalPath27 = ..\\..\\TotalGiro\\MIS
	EndGlobalSection
	GlobalSection(SolutionConfigurationPlatforms) = preSolution
		Debug|.NET = Debug|.NET
		Debug|Any CPU = Debug|Any CPU
		Debug|Mixed Platforms = Debug|Mixed Platforms
		Release|.NET = Release|.NET
		Release|Any CPU = Release|Any CPU
		Release|Mixed Platforms = Release|Mixed Platforms
	EndGlobalSection
	GlobalSection(ProjectConfigurationPlatforms) = postSolution
		{DE765D41-B5D3-45B6-A61A-CBD08758FE02}.Debug|.NET.ActiveCfg = Debug|.NET
		{DE765D41-B5D3-45B6-A61A-CBD08758FE02}.Debug|.NET.Build.0 = Debug|.NET
		{DE765D41-B5D3-45B6-A61A-CBD08758FE02}.Debug|Any CPU.ActiveCfg = Debug|.NET
		{DE765D41-B5D3-45B6-A61A-CBD08758FE02}.Debug|Mixed Platforms.ActiveCfg = Debug|.NET
		{DE765D41-B5D3-45B6-A61A-CBD08758FE02}.Debug|Mixed Platforms.Build.0 = Debug|.NET
		{DE765D41-B5D3-45B6-A61A-CBD08758FE02}.Release|.NET.ActiveCfg = Debug|.NET
		{DE765D41-B5D3-45B6-A61A-CBD08758FE02}.Release|.NET.Build.0 = Debug|.NET
		{DE765D41-B5D3-45B6-A61A-CBD08758FE02}.Release|Any CPU.ActiveCfg = Debug|.NET
		{DE765D41-B5D3-45B6-A61A-CBD08758FE02}.Release|Mixed Platforms.ActiveCfg = Debug|.NET
		{DE765D41-B5D3-45B6-A61A-CBD08758FE02}.Release|Mixed Platforms.Build.0 = Debug|.NET
		{70C20F7D-646F-4023-BD90-9812FF522284}.Debug|.NET.ActiveCfg = Debug|Any CPU
		{70C20F7D-646F-4023-BD90-9812FF522284}.Debug|Any CPU.ActiveCfg = Debug|Any CPU
		{70C20F7D-646F-4023-BD90-9812FF522284}.Debug|Any CPU.Build.0 = Debug|Any CPU
		{70C20F7D-646F-4023-BD90-9812FF522284}.Debug|Mixed Platforms.ActiveCfg = Debug|Any CPU
		{70C20F7D-646F-4023-BD90-9812FF522284}.Debug|Mixed Platforms.Build.0 = Debug|Any CPU
		{70C20F7D-646F-4023-BD90-9812FF522284}.Release|.NET.ActiveCfg = Release|Any CPU
		{70C20F7D-646F-4023-BD90-9812FF522284}.Release|Any CPU.ActiveCfg = Release|Any CPU
		{70C20F7D-646F-4023-BD90-9812FF522284}.Release|Any CPU.Build.0 = Release|Any CPU
		{70C20F7D-646F-4023-BD90-9812FF522284}.Release|Mixed Platforms.ActiveCfg = Release|Any CPU
		{70C20F7D-646F-4023-BD90-9812FF522284}.Release|Mixed Platforms.Build.0 = Release|Any CPU
		{B8880639-F591-41D0-A811-D832A36A8064}.Debug|.NET.ActiveCfg = Debug|Any CPU
		{B8880639-F591-41D0-A811-D832A36A8064}.Debug|Any CPU.ActiveCfg = Debug|Any CPU
		{B8880639-F591-41D0-A811-D832A36A8064}.Debug|Any CPU.Build.0 = Debug|Any CPU
		{B8880639-F591-41D0-A811-D832A36A8064}.Debug|Mixed Platforms.ActiveCfg = Debug|Any CPU
		{B8880639-F591-41D0-A811-D832A36A8064}.Debug|Mixed Platforms.Build.0 = Debug|Any CPU
		{B8880639-F591-41D0-A811-D832A36A8064}.Release|.NET.ActiveCfg = Release|Any CPU
		{B8880639-F591-41D0-A811-D832A36A8064}.Release|Any CPU.ActiveCfg = Release|Any CPU
		{B8880639-F591-41D0-A811-D832A36A8064}.Release|Any CPU.Build.0 = Release|Any CPU
		{B8880639-F591-41D0-A811-D832A36A8064}.Release|Mixed Platforms.ActiveCfg = Release|Any CPU
		{B8880639-F591-41D0-A811-D832A36A8064}.Release|Mixed Platforms.Build.0 = Release|Any CPU
		{920CD10C-E485-47AF-A47D-23DC299F762B}.Debug|.NET.ActiveCfg = Debug|Any CPU
		{920CD10C-E485-47AF-A47D-23DC299F762B}.Debug|Any CPU.ActiveCfg = Debug|Any CPU
		{920CD10C-E485-47AF-A47D-23DC299F762B}.Debug|Any CPU.Build.0 = Debug|Any CPU
		{920CD10C-E485-47AF-A47D-23DC299F762B}.Debug|Mixed Platforms.ActiveCfg = Debug|Any CPU
		{920CD10C-E485-47AF-A47D-23DC299F762B}.Debug|Mixed Platforms.Build.0 = Debug|Any CPU
		{920CD10C-E485-47AF-A47D-23DC299F762B}.Release|.NET.ActiveCfg = Release|Any CPU
		{920CD10C-E485-47AF-A47D-23DC299F762B}.Release|Any CPU.ActiveCfg = Release|Any CPU
		{920CD10C-E485-47AF-A47D-23DC299F762B}.Release|Any CPU.Build.0 = Release|Any CPU
		{920CD10C-E485-47AF-A47D-23DC299F762B}.Release|Mixed Platforms.ActiveCfg = Release|Any CPU
		{920CD10C-E485-47AF-A47D-23DC299F762B}.Release|Mixed Platforms.Build.0 = Release|Any CPU
		{E34CB1A4-A5E2-4F76-8DEF-A08C1015C05E}.Debug|.NET.ActiveCfg = Debug|Any CPU
		{E34CB1A4-A5E2-4F76-8DEF-A08C1015C05E}.Debug|Any CPU.ActiveCfg = Debug|Any CPU
		{E34CB1A4-A5E2-4F76-8DEF-A08C1015C05E}.Debug|Any CPU.Build.0 = Debug|Any CPU
		{E34CB1A4-A5E2-4F76-8DEF-A08C1015C05E}.Debug|Mixed Platforms.ActiveCfg = Debug|Any CPU
		{E34CB1A4-A5E2-4F76-8DEF-A08C1015C05E}.Debug|Mixed Platforms.Build.0 = Debug|Any CPU
		{E34CB1A4-A5E2-4F76-8DEF-A08C1015C05E}.Release|.NET.ActiveCfg = Release|Any CPU
		{E34CB1A4-A5E2-4F76-8DEF-A08C1015C05E}.Release|Any CPU.ActiveCfg = Release|Any CPU
		{E34CB1A4-A5E2-4F76-8DEF-A08C1015C05E}.Release|Any CPU.Build.0 = Release|Any CPU
		{E34CB1A4-A5E2-4F76-8DEF-A08C1015C05E}.Release|Mixed Platforms.ActiveCfg = Release|Any CPU
		{E34CB1A4-A5E2-4F76-8DEF-A08C1015C05E}.Release|Mixed Platforms.Build.0 = Release|Any CPU
		{05EA6D28-853D-455E-A323-0AB5F3FC3507}.Debug|.NET.ActiveCfg = Debug|Any CPU
		{05EA6D28-853D-455E-A323-0AB5F3FC3507}.Debug|Any CPU.ActiveCfg = Debug|Any CPU
		{05EA6D28-853D-455E-A323-0AB5F3FC3507}.Debug|Any CPU.Build.0 = Debug|Any CPU
		{05EA6D28-853D-455E-A323-0AB5F3FC3507}.Debug|Mixed Platforms.ActiveCfg = Debug|Any CPU
		{05EA6D28-853D-455E-A323-0AB5F3FC3507}.Debug|Mixed Platforms.Build.0 = Debug|Any CPU
		{05EA6D28-853D-455E-A323-0AB5F3FC3507}.Release|.NET.ActiveCfg = Release|Any CPU
		{05EA6D28-853D-455E-A323-0AB5F3FC3507}.Release|Any CPU.ActiveCfg = Release|Any CPU
		{05EA6D28-853D-455E-A323-0AB5F3FC3507}.Release|Any CPU.Build.0 = Release|Any CPU
		{05EA6D28-853D-455E-A323-0AB5F3FC3507}.Release|Mixed Platforms.ActiveCfg = Release|Any CPU
		{05EA6D28-853D-455E-A323-0AB5F3FC3507}.Release|Mixed Platforms.Build.0 = Release|Any CPU
		{ED2055BB-79F9-464C-B937-232D29FD4CB1}.Debug|.NET.ActiveCfg = Debug|Any CPU
		{ED2055BB-79F9-464C-B937-232D29FD4CB1}.Debug|Any CPU.ActiveCfg = Debug|Any CPU
		{ED2055BB-79F9-464C-B937-232D29FD4CB1}.Debug|Any CPU.Build.0 = Debug|Any CPU
		{ED2055BB-79F9-464C-B937-232D29FD4CB1}.Debug|Mixed Platforms.ActiveCfg = Debug|Any CPU
		{ED2055BB-79F9-464C-B937-232D29FD4CB1}.Debug|Mixed Platforms.Build.0 = Debug|Any CPU
		{ED2055BB-79F9-464C-B937-232D29FD4CB1}.Release|.NET.ActiveCfg = Release|Any CPU
		{ED2055BB-79F9-464C-B937-232D29FD4CB1}.Release|Any CPU.ActiveCfg = Release|Any CPU
		{ED2055BB-79F9-464C-B937-232D29FD4CB1}.Release|Any CPU.Build.0 = Release|Any CPU
		{ED2055BB-79F9-464C-B937-232D29FD4CB1}.Release|Mixed Platforms.ActiveCfg = Release|Any CPU
		{ED2055BB-79F9-464C-B937-232D29FD4CB1}.Release|Mixed Platforms.Build.0 = Release|Any CPU
		{2114094E-08F6-4074-8AA0-E19D4FFC7924}.Debug|.NET.ActiveCfg = Debug|Any CPU
		{2114094E-08F6-4074-8AA0-E19D4FFC7924}.Debug|Any CPU.ActiveCfg = Debug|Any CPU
		{2114094E-08F6-4074-8AA0-E19D4FFC7924}.Debug|Any CPU.Build.0 = Debug|Any CPU
		{2114094E-08F6-4074-8AA0-E19D4FFC7924}.Debug|Mixed Platforms.ActiveCfg = Debug|Any CPU
		{2114094E-08F6-4074-8AA0-E19D4FFC7924}.Debug|Mixed Platforms.Build.0 = Debug|Any CPU
		{2114094E-08F6-4074-8AA0-E19D4FFC7924}.Release|.NET.ActiveCfg = Release|Any CPU
		{2114094E-08F6-4074-8AA0-E19D4FFC7924}.Release|Any CPU.ActiveCfg = Release|Any CPU
		{2114094E-08F6-4074-8AA0-E19D4FFC7924}.Release|Any CPU.Build.0 = Release|Any CPU
		{2114094E-08F6-4074-8AA0-E19D4FFC7924}.Release|Mixed Platforms.ActiveCfg = Release|Any CPU
		{2114094E-08F6-4074-8AA0-E19D4FFC7924}.Release|Mixed Platforms.Build.0 = Release|Any CPU
		{B6D55091-F990-42AB-A294-72E6560ED5DD}.Debug|.NET.ActiveCfg = Debug|Any CPU
		{B6D55091-F990-42AB-A294-72E6560ED5DD}.Debug|Any CPU.ActiveCfg = Debug|Any CPU
		{B6D55091-F990-42AB-A294-72E6560ED5DD}.Debug|Any CPU.Build.0 = Debug|Any CPU
		{B6D55091-F990-42AB-A294-72E6560ED5DD}.Debug|Mixed Platforms.ActiveCfg = Debug|Any CPU
		{B6D55091-F990-42AB-A294-72E6560ED5DD}.Debug|Mixed Platforms.Build.0 = Debug|Any CPU
		{B6D55091-F990-42AB-A294-72E6560ED5DD}.Release|.NET.ActiveCfg = Release|Any CPU
		{B6D55091-F990-42AB-A294-72E6560ED5DD}.Release|Any CPU.ActiveCfg = Release|Any CPU
		{B6D55091-F990-42AB-A294-72E6560ED5DD}.Release|Any CPU.Build.0 = Release|Any CPU
		{B6D55091-F990-42AB-A294-72E6560ED5DD}.Release|Mixed Platforms.ActiveCfg = Release|Any CPU
		{B6D55091-F990-42AB-A294-72E6560ED5DD}.Release|Mixed Platforms.Build.0 = Release|Any CPU
		{A2544005-0FC7-489C-80AD-A65BE1786EB5}.Debug|.NET.ActiveCfg = Debug|Any CPU
		{A2544005-0FC7-489C-80AD-A65BE1786EB5}.Debug|Any CPU.ActiveCfg = Debug|Any CPU
		{A2544005-0FC7-489C-80AD-A65BE1786EB5}.Debug|Any CPU.Build.0 = Debug|Any CPU
		{A2544005-0FC7-489C-80AD-A65BE1786EB5}.Debug|Mixed Platforms.ActiveCfg = Debug|Any CPU
		{A2544005-0FC7-489C-80AD-A65BE1786EB5}.Debug|Mixed Platforms.Build.0 = Debug|Any CPU
		{A2544005-0FC7-489C-80AD-A65BE1786EB5}.Release|.NET.ActiveCfg = Release|Any CPU
		{A2544005-0FC7-489C-80AD-A65BE1786EB5}.Release|Any CPU.ActiveCfg = Release|Any CPU
		{A2544005-0FC7-489C-80AD-A65BE1786EB5}.Release|Any CPU.Build.0 = Release|Any CPU
		{A2544005-0FC7-489C-80AD-A65BE1786EB5}.Release|Mixed Platforms.ActiveCfg = Release|Any CPU
		{A2544005-0FC7-489C-80AD-A65BE1786EB5}.Release|Mixed Platforms.Build.0 = Release|Any CPU
		{2809F04C-FC76-4769-AEF5-F6E1B8FEA2B9}.Debug|.NET.ActiveCfg = Debug|Any CPU
		{2809F04C-FC76-4769-AEF5-F6E1B8FEA2B9}.Debug|Any CPU.ActiveCfg = Debug|Any CPU
		{2809F04C-FC76-4769-AEF5-F6E1B8FEA2B9}.Debug|Any CPU.Build.0 = Debug|Any CPU
		{2809F04C-FC76-4769-AEF5-F6E1B8FEA2B9}.Debug|Mixed Platforms.ActiveCfg = Debug|Any CPU
		{2809F04C-FC76-4769-AEF5-F6E1B8FEA2B9}.Debug|Mixed Platforms.Build.0 = Debug|Any CPU
		{2809F04C-FC76-4769-AEF5-F6E1B8FEA2B9}.Release|.NET.ActiveCfg = Release|Any CPU
		{2809F04C-FC76-4769-AEF5-F6E1B8FEA2B9}.Release|Any CPU.ActiveCfg = Release|Any CPU
		{2809F04C-FC76-4769-AEF5-F6E1B8FEA2B9}.Release|Any CPU.Build.0 = Release|Any CPU
		{2809F04C-FC76-4769-AEF5-F6E1B8FEA2B9}.Release|Mixed Platforms.ActiveCfg = Release|Any CPU
		{2809F04C-FC76-4769-AEF5-F6E1B8FEA2B9}.Release|Mixed Platforms.Build.0 = Release|Any CPU
		{A8682060-DBB0-4965-A8EF-5F8908D34789}.Debug|.NET.ActiveCfg = Debug|Any CPU
		{A8682060-DBB0-4965-A8EF-5F8908D34789}.Debug|Any CPU.ActiveCfg = Debug|Any CPU
		{A8682060-DBB0-4965-A8EF-5F8908D34789}.Debug|Any CPU.Build.0 = Debug|Any CPU
		{A8682060-DBB0-4965-A8EF-5F8908D34789}.Debug|Mixed Platforms.ActiveCfg = Debug|Any CPU
		{A8682060-DBB0-4965-A8EF-5F8908D34789}.Debug|Mixed Platforms.Build.0 = Debug|Any CPU
		{A8682060-DBB0-4965-A8EF-5F8908D34789}.Release|.NET.ActiveCfg = Release|Any CPU
		{A8682060-DBB0-4965-A8EF-5F8908D34789}.Release|Any CPU.ActiveCfg = Release|Any CPU
		{A8682060-DBB0-4965-A8EF-5F8908D34789}.Release|Any CPU.Build.0 = Release|Any CPU
		{A8682060-DBB0-4965-A8EF-5F8908D34789}.Release|Mixed Platforms.ActiveCfg = Release|Any CPU
		{A8682060-DBB0-4965-A8EF-5F8908D34789}.Release|Mixed Platforms.Build.0 = Release|Any CPU
		{ACCBB2CE-D954-498A-83E1-3C984D59EFD4}.Debug|.NET.ActiveCfg = Debug|Any CPU
		{ACCBB2CE-D954-498A-83E1-3C984D59EFD4}.Debug|Any CPU.ActiveCfg = Debug|Any CPU
		{ACCBB2CE-D954-498A-83E1-3C984D59EFD4}.Debug|Any CPU.Build.0 = Debug|Any CPU
		{ACCBB2CE-D954-498A-83E1-3C984D59EFD4}.Debug|Mixed Platforms.ActiveCfg = Debug|Any CPU
		{ACCBB2CE-D954-498A-83E1-3C984D59EFD4}.Debug|Mixed Platforms.Build.0 = Debug|Any CPU
		{ACCBB2CE-D954-498A-83E1-3C984D59EFD4}.Release|.NET.ActiveCfg = Release|Any CPU
		{ACCBB2CE-D954-498A-83E1-3C984D59EFD4}.Release|Any CPU.ActiveCfg = Release|Any CPU
		{ACCBB2CE-D954-498A-83E1-3C984D59EFD4}.Release|Any CPU.Build.0 = Release|Any CPU
		{ACCBB2CE-D954-498A-83E1-3C984D59EFD4}.Release|Mixed Platforms.ActiveCfg = Release|Any CPU
		{ACCBB2CE-D954-498A-83E1-3C984D59EFD4}.Release|Mixed Platforms.Build.0 = Release|Any CPU
		{4A1B9DC0-5014-4492-81DF-EE43B7E70F28}.Debug|.NET.ActiveCfg = Debug|Any CPU
		{4A1B9DC0-5014-4492-81DF-EE43B7E70F28}.Debug|Any CPU.ActiveCfg = Debug|Any CPU
		{4A1B9DC0-5014-4492-81DF-EE43B7E70F28}.Debug|Any CPU.Build.0 = Debug|Any CPU
		{4A1B9DC0-5014-4492-81DF-EE43B7E70F28}.Debug|Mixed Platforms.ActiveCfg = Debug|Any CPU
		{4A1B9DC0-5014-4492-81DF-EE43B7E70F28}.Debug|Mixed Platforms.Build.0 = Debug|Any CPU
		{4A1B9DC0-5014-4492-81DF-EE43B7E70F28}.Release|.NET.ActiveCfg = Release|Any CPU
		{4A1B9DC0-5014-4492-81DF-EE43B7E70F28}.Release|Any CPU.ActiveCfg = Release|Any CPU
		{4A1B9DC0-5014-4492-81DF-EE43B7E70F28}.Release|Any CPU.Build.0 = Release|Any CPU
		{4A1B9DC0-5014-4492-81DF-EE43B7E70F28}.Release|Mixed Platforms.ActiveCfg = Release|Any CPU
		{4A1B9DC0-5014-4492-81DF-EE43B7E70F28}.Release|Mixed Platforms.Build.0 = Release|Any CPU
		{5EBA3D32-40DB-4496-BDD2-B1EA4DA07D45}.Debug|.NET.ActiveCfg = Debug|Any CPU
		{5EBA3D32-40DB-4496-BDD2-B1EA4DA07D45}.Debug|Any CPU.ActiveCfg = Debug|Any CPU
		{5EBA3D32-40DB-4496-BDD2-B1EA4DA07D45}.Debug|Any CPU.Build.0 = Debug|Any CPU
		{5EBA3D32-40DB-4496-BDD2-B1EA4DA07D45}.Debug|Mixed Platforms.ActiveCfg = Debug|Any CPU
		{5EBA3D32-40DB-4496-BDD2-B1EA4DA07D45}.Debug|Mixed Platforms.Build.0 = Debug|Any CPU
		{5EBA3D32-40DB-4496-BDD2-B1EA4DA07D45}.Release|.NET.ActiveCfg = Release|Any CPU
		{5EBA3D32-40DB-4496-BDD2-B1EA4DA07D45}.Release|Any CPU.ActiveCfg = Release|Any CPU
		{5EBA3D32-40DB-4496-BDD2-B1EA4DA07D45}.Release|Any CPU.Build.0 = Release|Any CPU
		{5EBA3D32-40DB-4496-BDD2-B1EA4DA07D45}.Release|Mixed Platforms.ActiveCfg = Release|Any CPU
		{5EBA3D32-40DB-4496-BDD2-B1EA4DA07D45}.Release|Mixed Platforms.Build.0 = Release|Any CPU
		{38DBACFE-BACC-49C3-870F-CFAA9C6721AD}.Debug|.NET.ActiveCfg = Debug|Any CPU
		{38DBACFE-BACC-49C3-870F-CFAA9C6721AD}.Debug|Any CPU.ActiveCfg = Debug|Any CPU
		{38DBACFE-BACC-49C3-870F-CFAA9C6721AD}.Debug|Any CPU.Build.0 = Debug|Any CPU
		{38DBACFE-BACC-49C3-870F-CFAA9C6721AD}.Debug|Mixed Platforms.ActiveCfg = Debug|Any CPU
		{38DBACFE-BACC-49C3-870F-CFAA9C6721AD}.Debug|Mixed Platforms.Build.0 = Debug|Any CPU
		{38DBACFE-BACC-49C3-870F-CFAA9C6721AD}.Release|.NET.ActiveCfg = Release|Any CPU
		{38DBACFE-BACC-49C3-870F-CFAA9C6721AD}.Release|Any CPU.ActiveCfg = Release|Any CPU
		{38DBACFE-BACC-49C3-870F-CFAA9C6721AD}.Release|Any CPU.Build.0 = Release|Any CPU
		{38DBACFE-BACC-49C3-870F-CFAA9C6721AD}.Release|Mixed Platforms.ActiveCfg = Release|Any CPU
		{38DBACFE-BACC-49C3-870F-CFAA9C6721AD}.Release|Mixed Platforms.Build.0 = Release|Any CPU
		{029555AF-2A64-4885-8823-681E51C451AB}.Debug|.NET.ActiveCfg = Debug|Any CPU
		{029555AF-2A64-4885-8823-681E51C451AB}.Debug|Any CPU.ActiveCfg = Debug|Any CPU
		{029555AF-2A64-4885-8823-681E51C451AB}.Debug|Any CPU.Build.0 = Debug|Any CPU
		{029555AF-2A64-4885-8823-681E51C451AB}.Debug|Mixed Platforms.ActiveCfg = Debug|Any CPU
		{029555AF-2A64-4885-8823-681E51C451AB}.Debug|Mixed Platforms.Build.0 = Debug|Any CPU
		{029555AF-2A64-4885-8823-681E51C451AB}.Release|.NET.ActiveCfg = Release|Any CPU
		{029555AF-2A64-4885-8823-681E51C451AB}.Release|Any CPU.ActiveCfg = Release|Any CPU
		{029555AF-2A64-4885-8823-681E51C451AB}.Release|Any CPU.Build.0 = Release|Any CPU
		{029555AF-2A64-4885-8823-681E51C451AB}.Release|Mixed Platforms.ActiveCfg = Release|Any CPU
		{029555AF-2A64-4885-8823-681E51C451AB}.Release|Mixed Platforms.Build.0 = Release|Any CPU
		{F8A037ED-0E64-495B-8636-4397EB843EE7}.Debug|.NET.ActiveCfg = Debug|Any CPU
		{F8A037ED-0E64-495B-8636-4397EB843EE7}.Debug|Any CPU.ActiveCfg = Debug|Any CPU
		{F8A037ED-0E64-495B-8636-4397EB843EE7}.Debug|Any CPU.Build.0 = Debug|Any CPU
		{F8A037ED-0E64-495B-8636-4397EB843EE7}.Debug|Mixed Platforms.ActiveCfg = Debug|Any CPU
		{F8A037ED-0E64-495B-8636-4397EB843EE7}.Debug|Mixed Platforms.Build.0 = Debug|Any CPU
		{F8A037ED-0E64-495B-8636-4397EB843EE7}.Release|.NET.ActiveCfg = Release|Any CPU
		{F8A037ED-0E64-495B-8636-4397EB843EE7}.Release|Any CPU.ActiveCfg = Release|Any CPU
		{F8A037ED-0E64-495B-8636-4397EB843EE7}.Release|Any CPU.Build.0 = Release|Any CPU
		{F8A037ED-0E64-495B-8636-4397EB843EE7}.Release|Mixed Platforms.ActiveCfg = Release|Any CPU
		{F8A037ED-0E64-495B-8636-4397EB843EE7}.Release|Mixed Platforms.Build.0 = Release|Any CPU
		{6C8D0947-6F93-4868-9824-30D534A855AF}.Debug|.NET.ActiveCfg = Debug|Any CPU
		{6C8D0947-6F93-4868-9824-30D534A855AF}.Debug|Any CPU.ActiveCfg = Debug|Any CPU
		{6C8D0947-6F93-4868-9824-30D534A855AF}.Debug|Any CPU.Build.0 = Debug|Any CPU
		{6C8D0947-6F93-4868-9824-30D534A855AF}.Debug|Mixed Platforms.ActiveCfg = Debug|Any CPU
		{6C8D0947-6F93-4868-9824-30D534A855AF}.Debug|Mixed Platforms.Build.0 = Debug|Any CPU
		{6C8D0947-6F93-4868-9824-30D534A855AF}.Release|.NET.ActiveCfg = Release|Any CPU
		{6C8D0947-6F93-4868-9824-30D534A855AF}.Release|Any CPU.ActiveCfg = Release|Any CPU
		{6C8D0947-6F93-4868-9824-30D534A855AF}.Release|Any CPU.Build.0 = Release|Any CPU
		{6C8D0947-6F93-4868-9824-30D534A855AF}.Release|Mixed Platforms.ActiveCfg = Release|Any CPU
		{6C8D0947-6F93-4868-9824-30D534A855AF}.Release|Mixed Platforms.Build.0 = Release|Any CPU
		{69BAF4B6-0C61-4A6B-A554-047136929691}.Debug|.NET.ActiveCfg = Debug|Any CPU
		{69BAF4B6-0C61-4A6B-A554-047136929691}.Debug|Any CPU.ActiveCfg = Debug|Any CPU
		{69BAF4B6-0C61-4A6B-A554-047136929691}.Debug|Any CPU.Build.0 = Debug|Any CPU
		{69BAF4B6-0C61-4A6B-A554-047136929691}.Debug|Mixed Platforms.ActiveCfg = Debug|Any CPU
		{69BAF4B6-0C61-4A6B-A554-047136929691}.Debug|Mixed Platforms.Build.0 = Debug|Any CPU
		{69BAF4B6-0C61-4A6B-A554-047136929691}.Release|.NET.ActiveCfg = Release|Any CPU
		{69BAF4B6-0C61-4A6B-A554-047136929691}.Release|Any CPU.ActiveCfg = Release|Any CPU
		{69BAF4B6-0C61-4A6B-A554-047136929691}.Release|Any CPU.Build.0 = Release|Any CPU
		{69BAF4B6-0C61-4A6B-A554-047136929691}.Release|Mixed Platforms.ActiveCfg = Release|Any CPU
		{69BAF4B6-0C61-4A6B-A554-047136929691}.Release|Mixed Platforms.Build.0 = Release|Any CPU
		{D7F96095-5CD2-4719-A7B9-9E517A38E3DE}.Debug|.NET.ActiveCfg = Debug|Any CPU
		{D7F96095-5CD2-4719-A7B9-9E517A38E3DE}.Debug|Any CPU.ActiveCfg = Debug|Any CPU
		{D7F96095-5CD2-4719-A7B9-9E517A38E3DE}.Debug|Any CPU.Build.0 = Debug|Any CPU
		{D7F96095-5CD2-4719-A7B9-9E517A38E3DE}.Debug|Mixed Platforms.ActiveCfg = Debug|Any CPU
		{D7F96095-5CD2-4719-A7B9-9E517A38E3DE}.Debug|Mixed Platforms.Build.0 = Debug|Any CPU
		{D7F96095-5CD2-4719-A7B9-9E517A38E3DE}.Release|.NET.ActiveCfg = Release|Any CPU
		{D7F96095-5CD2-4719-A7B9-9E517A38E3DE}.Release|Any CPU.ActiveCfg = Release|Any CPU
		{D7F96095-5CD2-4719-A7B9-9E517A38E3DE}.Release|Any CPU.Build.0 = Release|Any CPU
		{D7F96095-5CD2-4719-A7B9-9E517A38E3DE}.Release|Mixed Platforms.ActiveCfg = Release|Any CPU
		{D7F96095-5CD2-4719-A7B9-9E517A38E3DE}.Release|Mixed Platforms.Build.0 = Release|Any CPU
		{63315378-DD6C-4E99-ACE0-737B392756C6}.Debug|.NET.ActiveCfg = Debug|Any CPU
		{63315378-DD6C-4E99-ACE0-737B392756C6}.Debug|Any CPU.ActiveCfg = Debug|Any CPU
		{63315378-DD6C-4E99-ACE0-737B392756C6}.Debug|Any CPU.Build.0 = Debug|Any CPU
		{63315378-DD6C-4E99-ACE0-737B392756C6}.Debug|Mixed Platforms.ActiveCfg = Debug|Any CPU
		{63315378-DD6C-4E99-ACE0-737B392756C6}.Debug|Mixed Platforms.Build.0 = Debug|Any CPU
		{63315378-DD6C-4E99-ACE0-737B392756C6}.Release|.NET.ActiveCfg = Release|Any CPU
		{63315378-DD6C-4E99-ACE0-737B392756C6}.Release|Any CPU.ActiveCfg = Release|Any CPU
		{63315378-DD6C-4E99-ACE0-737B392756C6}.Release|Any CPU.Build.0 = Release|Any CPU
		{63315378-DD6C-4E99-ACE0-737B392756C6}.Release|Mixed Platforms.ActiveCfg = Release|Any CPU
		{63315378-DD6C-4E99-ACE0-737B392756C6}.Release|Mixed Platforms.Build.0 = Release|Any CPU
		{485EB326-583E-4A45-8ECA-B95B50411DD0}.Debug|.NET.ActiveCfg = Debug|Any CPU
		{485EB326-583E-4A45-8ECA-B95B50411DD0}.Debug|Any CPU.ActiveCfg = Debug|Any CPU
		{485EB326-583E-4A45-8ECA-B95B50411DD0}.Debug|Any CPU.Build.0 = Debug|Any CPU
		{485EB326-583E-4A45-8ECA-B95B50411DD0}.Debug|Mixed Platforms.ActiveCfg = Debug|Any CPU
		{485EB326-583E-4A45-8ECA-B95B50411DD0}.Debug|Mixed Platforms.Build.0 = Debug|Any CPU
		{485EB326-583E-4A45-8ECA-B95B50411DD0}.Release|.NET.ActiveCfg = Release|Any CPU
		{485EB326-583E-4A45-8ECA-B95B50411DD0}.Release|Any CPU.ActiveCfg = Release|Any CPU
		{485EB326-583E-4A45-8ECA-B95B50411DD0}.Release|Any CPU.Build.0 = Release|Any CPU
		{485EB326-583E-4A45-8ECA-B95B50411DD0}.Release|Mixed Platforms.ActiveCfg = Release|Any CPU
		{485EB326-583E-4A45-8ECA-B95B50411DD0}.Release|Mixed Platforms.Build.0 = Release|Any CPU
		{4DDBFD34-5BC8-436D-A5C8-42538BBD8B7D}.Debug|.NET.ActiveCfg = Debug|Any CPU
		{4DDBFD34-5BC8-436D-A5C8-42538BBD8B7D}.Debug|Any CPU.ActiveCfg = Debug|Any CPU
		{4DDBFD34-5BC8-436D-A5C8-42538BBD8B7D}.Debug|Any CPU.Build.0 = Debug|Any CPU
		{4DDBFD34-5BC8-436D-A5C8-42538BBD8B7D}.Debug|Mixed Platforms.ActiveCfg = Debug|Any CPU
		{4DDBFD34-5BC8-436D-A5C8-42538BBD8B7D}.Debug|Mixed Platforms.Build.0 = Debug|Any CPU
		{4DDBFD34-5BC8-436D-A5C8-42538BBD8B7D}.Release|.NET.ActiveCfg = Release|Any CPU
		{4DDBFD34-5BC8-436D-A5C8-42538BBD8B7D}.Release|Any CPU.ActiveCfg = Release|Any CPU
		{4DDBFD34-5BC8-436D-A5C8-42538BBD8B7D}.Release|Any CPU.Build.0 = Release|Any CPU
		{4DDBFD34-5BC8-436D-A5C8-42538BBD8B7D}.Release|Mixed Platforms.ActiveCfg = Release|Any CPU
		{4DDBFD34-5BC8-436D-A5C8-42538BBD8B7D}.Release|Mixed Platforms.Build.0 = Release|Any CPU
		{944F656B-A825-461D-90F8-F48359E08527}.Debug|.NET.ActiveCfg = Debug|Any CPU
		{944F656B-A825-461D-90F8-F48359E08527}.Debug|Any CPU.ActiveCfg = Debug|Any CPU
		{944F656B-A825-461D-90F8-F48359E08527}.Debug|Any CPU.Build.0 = Debug|Any CPU
		{944F656B-A825-461D-90F8-F48359E08527}.Debug|Mixed Platforms.ActiveCfg = Debug|Any CPU
		{944F656B-A825-461D-90F8-F48359E08527}.Debug|Mixed Platforms.Build.0 = Debug|Any CPU
		{944F656B-A825-461D-90F8-F48359E08527}.Release|.NET.ActiveCfg = Release|Any CPU
		{944F656B-A825-461D-90F8-F48359E08527}.Release|Any CPU.ActiveCfg = Release|Any CPU
		{944F656B-A825-461D-90F8-F48359E08527}.Release|Any CPU.Build.0 = Release|Any CPU
		{944F656B-A825-461D-90F8-F48359E08527}.Release|Mixed Platforms.ActiveCfg = Release|Any CPU
		{944F656B-A825-461D-90F8-F48359E08527}.Release|Mixed Platforms.Build.0 = Release|Any CPU
		{B680B731-224C-4AB2-ADC0-59B0576279E8}.Debug|.NET.ActiveCfg = Debug|Any CPU
		{B680B731-224C-4AB2-ADC0-59B0576279E8}.Debug|Any CPU.ActiveCfg = Debug|Any CPU
		{B680B731-224C-4AB2-ADC0-59B0576279E8}.Debug|Any CPU.Build.0 = Debug|Any CPU
		{B680B731-224C-4AB2-ADC0-59B0576279E8}.Debug|Mixed Platforms.ActiveCfg = Debug|Any CPU
		{B680B731-224C-4AB2-ADC0-59B0576279E8}.Debug|Mixed Platforms.Build.0 = Debug|Any CPU
		{B680B731-224C-4AB2-ADC0-59B0576279E8}.Release|.NET.ActiveCfg = Release|Any CPU
		{B680B731-224C-4AB2-ADC0-59B0576279E8}.Release|Any CPU.ActiveCfg = Release|Any CPU
		{B680B731-224C-4AB2-ADC0-59B0576279E8}.Release|Any CPU.Build.0 = Release|Any CPU
		{B680B731-224C-4AB2-ADC0-59B0576279E8}.Release|Mixed Platforms.ActiveCfg = Release|Any CPU
		{B680B731-224C-4AB2-ADC0-59B0576279E8}.Release|Mixed Platforms.Build.0 = Release|Any CPU
		{18CBA677-A0D8-4A3F-A973-ADA9FE30F2D4}.Debug|.NET.ActiveCfg = Debug|Any CPU
		{18CBA677-A0D8-4A3F-A973-ADA9FE30F2D4}.Debug|Any CPU.ActiveCfg = Debug|Any CPU
		{18CBA677-A0D8-4A3F-A973-ADA9FE30F2D4}.Debug|Any CPU.Build.0 = Debug|Any CPU
		{18CBA677-A0D8-4A3F-A973-ADA9FE30F2D4}.Debug|Mixed Platforms.ActiveCfg = Debug|Any CPU
		{18CBA677-A0D8-4A3F-A973-ADA9FE30F2D4}.Debug|Mixed Platforms.Build.0 = Debug|Any CPU
		{18CBA677-A0D8-4A3F-A973-ADA9FE30F2D4}.Release|.NET.ActiveCfg = Release|Any CPU
		{18CBA677-A0D8-4A3F-A973-ADA9FE30F2D4}.Release|Any CPU.ActiveCfg = Release|Any CPU
		{18CBA677-A0D8-4A3F-A973-ADA9FE30F2D4}.Release|Any CPU.Build.0 = Release|Any CPU
		{18CBA677-A0D8-4A3F-A973-ADA9FE30F2D4}.Release|Mixed Platforms.ActiveCfg = Release|Any CPU
		{18CBA677-A0D8-4A3F-A973-ADA9FE30F2D4}.Release|Mixed Platforms.Build.0 = Release|Any CPU
	EndGlobalSection
	GlobalSection(SolutionProperties) = preSolution
		HideSolutionNode = FALSE
	EndGlobalSection
EndGlobal
